// !$*UTF8*$!
{
	archiveVersion = 1;
	classes = {
	};
	objectVersion = 55;
	objects = {

/* Begin PBXBuildFile section */
		973B3E77283BCC7B00F98571 /* wwdcApp.swift in Sources */ = {isa = PBXBuildFile; fileRef = 973B3E76283BCC7B00F98571 /* wwdcApp.swift */; };
		973B3E79283BCC7B00F98571 /* ContentView.swift in Sources */ = {isa = PBXBuildFile; fileRef = 973B3E78283BCC7B00F98571 /* ContentView.swift */; };
		973B3E7B283BCC7E00F98571 /* Assets.xcassets in Resources */ = {isa = PBXBuildFile; fileRef = 973B3E7A283BCC7E00F98571 /* Assets.xcassets */; };
		973B3E7E283BCC7E00F98571 /* Preview Assets.xcassets in Resources */ = {isa = PBXBuildFile; fileRef = 973B3E7D283BCC7E00F98571 /* Preview Assets.xcassets */; };
		973B3E88283BCC7E00F98571 /* wwdcTests.swift in Sources */ = {isa = PBXBuildFile; fileRef = 973B3E87283BCC7E00F98571 /* wwdcTests.swift */; };
		973B3E92283BCC7E00F98571 /* wwdcUITests.swift in Sources */ = {isa = PBXBuildFile; fileRef = 973B3E91283BCC7E00F98571 /* wwdcUITests.swift */; };
		973B3E94283BCC7E00F98571 /* wwdcUITestsLaunchTests.swift in Sources */ = {isa = PBXBuildFile; fileRef = 973B3E93283BCC7E00F98571 /* wwdcUITestsLaunchTests.swift */; };
		973B3EE7283BDF2300F98571 /* BookCard.swift in Sources */ = {isa = PBXBuildFile; fileRef = 973B3EE6283BDF2300F98571 /* BookCard.swift */; };
		973B3EEC283BDF5A00F98571 /* Book.swift in Sources */ = {isa = PBXBuildFile; fileRef = 973B3EEB283BDF5A00F98571 /* Book.swift */; };
		973B3EEE283BDF9C00F98571 /* BookCover.swift in Sources */ = {isa = PBXBuildFile; fileRef = 973B3EED283BDF9C00F98571 /* BookCover.swift */; };
		973B3EF2283BE46300F98571 /* ModelData.swift in Sources */ = {isa = PBXBuildFile; fileRef = 973B3EF1283BE46300F98571 /* ModelData.swift */; };
		973B3EF7283BFA4D00F98571 /* bookData.json in Resources */ = {isa = PBXBuildFile; fileRef = 973B3EF0283BE14D00F98571 /* bookData.json */; };
		973B3EF9283BFE0000F98571 /* BookView.swift in Sources */ = {isa = PBXBuildFile; fileRef = 973B3EF8283BFE0000F98571 /* BookView.swift */; };
/* End PBXBuildFile section */

/* Begin PBXContainerItemProxy section */
		973B3E84283BCC7E00F98571 /* PBXContainerItemProxy */ = {
			isa = PBXContainerItemProxy;
			containerPortal = 973B3E6B283BCC7B00F98571 /* Project object */;
			proxyType = 1;
			remoteGlobalIDString = 973B3E72283BCC7B00F98571;
			remoteInfo = wwdc;
		};
		973B3E8E283BCC7E00F98571 /* PBXContainerItemProxy */ = {
			isa = PBXContainerItemProxy;
			containerPortal = 973B3E6B283BCC7B00F98571 /* Project object */;
			proxyType = 1;
			remoteGlobalIDString = 973B3E72283BCC7B00F98571;
			remoteInfo = wwdc;
		};
/* End PBXContainerItemProxy section */

/* Begin PBXFileReference section */
		973B3E73283BCC7B00F98571 /* wwdc.app */ = {isa = PBXFileReference; explicitFileType = wrapper.application; includeInIndex = 0; path = wwdc.app; sourceTree = BUILT_PRODUCTS_DIR; };
		973B3E76283BCC7B00F98571 /* wwdcApp.swift */ = {isa = PBXFileReference; lastKnownFileType = sourcecode.swift; path = wwdcApp.swift; sourceTree = "<group>"; };
		973B3E78283BCC7B00F98571 /* ContentView.swift */ = {isa = PBXFileReference; lastKnownFileType = sourcecode.swift; path = ContentView.swift; sourceTree = "<group>"; };
		973B3E7A283BCC7E00F98571 /* Assets.xcassets */ = {isa = PBXFileReference; lastKnownFileType = folder.assetcatalog; path = Assets.xcassets; sourceTree = "<group>"; };
		973B3E7D283BCC7E00F98571 /* Preview Assets.xcassets */ = {isa = PBXFileReference; lastKnownFileType = folder.assetcatalog; path = "Preview Assets.xcassets"; sourceTree = "<group>"; };
		973B3E83283BCC7E00F98571 /* wwdcTests.xctest */ = {isa = PBXFileReference; explicitFileType = wrapper.cfbundle; includeInIndex = 0; path = wwdcTests.xctest; sourceTree = BUILT_PRODUCTS_DIR; };
		973B3E87283BCC7E00F98571 /* wwdcTests.swift */ = {isa = PBXFileReference; lastKnownFileType = sourcecode.swift; path = wwdcTests.swift; sourceTree = "<group>"; };
		973B3E8D283BCC7E00F98571 /* wwdcUITests.xctest */ = {isa = PBXFileReference; explicitFileType = wrapper.cfbundle; includeInIndex = 0; path = wwdcUITests.xctest; sourceTree = BUILT_PRODUCTS_DIR; };
		973B3E91283BCC7E00F98571 /* wwdcUITests.swift */ = {isa = PBXFileReference; lastKnownFileType = sourcecode.swift; path = wwdcUITests.swift; sourceTree = "<group>"; };
		973B3E93283BCC7E00F98571 /* wwdcUITestsLaunchTests.swift */ = {isa = PBXFileReference; lastKnownFileType = sourcecode.swift; path = wwdcUITestsLaunchTests.swift; sourceTree = "<group>"; };
		973B3EE6283BDF2300F98571 /* BookCard.swift */ = {isa = PBXFileReference; lastKnownFileType = sourcecode.swift; path = BookCard.swift; sourceTree = "<group>"; };
		973B3EEB283BDF5A00F98571 /* Book.swift */ = {isa = PBXFileReference; lastKnownFileType = sourcecode.swift; path = Book.swift; sourceTree = "<group>"; };
		973B3EED283BDF9C00F98571 /* BookCover.swift */ = {isa = PBXFileReference; lastKnownFileType = sourcecode.swift; path = BookCover.swift; sourceTree = "<group>"; };
		973B3EF0283BE14D00F98571 /* bookData.json */ = {isa = PBXFileReference; lastKnownFileType = text.json; path = bookData.json; sourceTree = "<group>"; };
		973B3EF1283BE46300F98571 /* ModelData.swift */ = {isa = PBXFileReference; lastKnownFileType = sourcecode.swift; path = ModelData.swift; sourceTree = "<group>"; };
		973B3EF8283BFE0000F98571 /* BookView.swift */ = {isa = PBXFileReference; lastKnownFileType = sourcecode.swift; path = BookView.swift; sourceTree = "<group>"; };
/* End PBXFileReference section */

/* Begin PBXFrameworksBuildPhase section */
		973B3E70283BCC7B00F98571 /* Frameworks */ = {
			isa = PBXFrameworksBuildPhase;
			buildActionMask = 2147483647;
			files = (
			);
			runOnlyForDeploymentPostprocessing = 0;
		};
		973B3E80283BCC7E00F98571 /* Frameworks */ = {
			isa = PBXFrameworksBuildPhase;
			buildActionMask = 2147483647;
			files = (
			);
			runOnlyForDeploymentPostprocessing = 0;
		};
		973B3E8A283BCC7E00F98571 /* Frameworks */ = {
			isa = PBXFrameworksBuildPhase;
			buildActionMask = 2147483647;
			files = (
			);
			runOnlyForDeploymentPostprocessing = 0;
		};
/* End PBXFrameworksBuildPhase section */

/* Begin PBXGroup section */
		973B3E6A283BCC7B00F98571 = {
			isa = PBXGroup;
			children = (
				973B3E75283BCC7B00F98571 /* wwdc */,
				973B3E86283BCC7E00F98571 /* wwdcTests */,
				973B3E90283BCC7E00F98571 /* wwdcUITests */,
				973B3E74283BCC7B00F98571 /* Products */,
			);
			sourceTree = "<group>";
		};
		973B3E74283BCC7B00F98571 /* Products */ = {
			isa = PBXGroup;
			children = (
				973B3E73283BCC7B00F98571 /* wwdc.app */,
				973B3E83283BCC7E00F98571 /* wwdcTests.xctest */,
				973B3E8D283BCC7E00F98571 /* wwdcUITests.xctest */,
			);
			name = Products;
			sourceTree = "<group>";
		};
		973B3E75283BCC7B00F98571 /* wwdc */ = {
			isa = PBXGroup;
			children = (
				973B3EEF283BE0FF00F98571 /* Resources */,
				973B3EEA283BDF5200F98571 /* Model */,
				973B3EE5283BDF1800F98571 /* Book */,
				973B3E76283BCC7B00F98571 /* wwdcApp.swift */,
				973B3E78283BCC7B00F98571 /* ContentView.swift */,
				973B3E7A283BCC7E00F98571 /* Assets.xcassets */,
				973B3E7C283BCC7E00F98571 /* Preview Content */,
			);
			path = wwdc;
			sourceTree = "<group>";
		};
		973B3E7C283BCC7E00F98571 /* Preview Content */ = {
			isa = PBXGroup;
			children = (
				973B3E7D283BCC7E00F98571 /* Preview Assets.xcassets */,
			);
			path = "Preview Content";
			sourceTree = "<group>";
		};
		973B3E86283BCC7E00F98571 /* wwdcTests */ = {
			isa = PBXGroup;
			children = (
				973B3E87283BCC7E00F98571 /* wwdcTests.swift */,
			);
			path = wwdcTests;
			sourceTree = "<group>";
		};
		973B3E90283BCC7E00F98571 /* wwdcUITests */ = {
			isa = PBXGroup;
			children = (
				973B3E91283BCC7E00F98571 /* wwdcUITests.swift */,
				973B3E93283BCC7E00F98571 /* wwdcUITestsLaunchTests.swift */,
			);
			path = wwdcUITests;
			sourceTree = "<group>";
		};
		973B3EE5283BDF1800F98571 /* Book */ = {
			isa = PBXGroup;
			children = (
				973B3EE6283BDF2300F98571 /* BookCard.swift */,
				973B3EED283BDF9C00F98571 /* BookCover.swift */,
				973B3EF8283BFE0000F98571 /* BookView.swift */,
			);
			path = Book;
			sourceTree = "<group>";
		};
		973B3EEA283BDF5200F98571 /* Model */ = {
			isa = PBXGroup;
			children = (
				973B3EEB283BDF5A00F98571 /* Book.swift */,
				973B3EF1283BE46300F98571 /* ModelData.swift */,
			);
			path = Model;
			sourceTree = "<group>";
		};
		973B3EEF283BE0FF00F98571 /* Resources */ = {
			isa = PBXGroup;
			children = (
				973B3EF0283BE14D00F98571 /* bookData.json */,
			);
			path = Resources;
			sourceTree = "<group>";
		};
/* End PBXGroup section */

/* Begin PBXNativeTarget section */
		973B3E72283BCC7B00F98571 /* wwdc */ = {
			isa = PBXNativeTarget;
			buildConfigurationList = 973B3E97283BCC7E00F98571 /* Build configuration list for PBXNativeTarget "wwdc" */;
			buildPhases = (
				973B3E6F283BCC7B00F98571 /* Sources */,
				973B3E70283BCC7B00F98571 /* Frameworks */,
				973B3E71283BCC7B00F98571 /* Resources */,
			);
			buildRules = (
			);
			dependencies = (
			);
			name = wwdc;
			productName = wwdc;
			productReference = 973B3E73283BCC7B00F98571 /* wwdc.app */;
			productType = "com.apple.product-type.application";
		};
		973B3E82283BCC7E00F98571 /* wwdcTests */ = {
			isa = PBXNativeTarget;
			buildConfigurationList = 973B3E9A283BCC7E00F98571 /* Build configuration list for PBXNativeTarget "wwdcTests" */;
			buildPhases = (
				973B3E7F283BCC7E00F98571 /* Sources */,
				973B3E80283BCC7E00F98571 /* Frameworks */,
				973B3E81283BCC7E00F98571 /* Resources */,
			);
			buildRules = (
			);
			dependencies = (
				973B3E85283BCC7E00F98571 /* PBXTargetDependency */,
			);
			name = wwdcTests;
			productName = wwdcTests;
			productReference = 973B3E83283BCC7E00F98571 /* wwdcTests.xctest */;
			productType = "com.apple.product-type.bundle.unit-test";
		};
		973B3E8C283BCC7E00F98571 /* wwdcUITests */ = {
			isa = PBXNativeTarget;
			buildConfigurationList = 973B3E9D283BCC7E00F98571 /* Build configuration list for PBXNativeTarget "wwdcUITests" */;
			buildPhases = (
				973B3E89283BCC7E00F98571 /* Sources */,
				973B3E8A283BCC7E00F98571 /* Frameworks */,
				973B3E8B283BCC7E00F98571 /* Resources */,
			);
			buildRules = (
			);
			dependencies = (
				973B3E8F283BCC7E00F98571 /* PBXTargetDependency */,
			);
			name = wwdcUITests;
			productName = wwdcUITests;
			productReference = 973B3E8D283BCC7E00F98571 /* wwdcUITests.xctest */;
			productType = "com.apple.product-type.bundle.ui-testing";
		};
/* End PBXNativeTarget section */

/* Begin PBXProject section */
		973B3E6B283BCC7B00F98571 /* Project object */ = {
			isa = PBXProject;
			attributes = {
				BuildIndependentTargetsInParallel = 1;
				LastSwiftUpdateCheck = 1330;
				LastUpgradeCheck = 1330;
				TargetAttributes = {
					973B3E72283BCC7B00F98571 = {
						CreatedOnToolsVersion = 13.3.1;
					};
					973B3E82283BCC7E00F98571 = {
						CreatedOnToolsVersion = 13.3.1;
						TestTargetID = 973B3E72283BCC7B00F98571;
					};
					973B3E8C283BCC7E00F98571 = {
						CreatedOnToolsVersion = 13.3.1;
						TestTargetID = 973B3E72283BCC7B00F98571;
					};
				};
			};
			buildConfigurationList = 973B3E6E283BCC7B00F98571 /* Build configuration list for PBXProject "wwdc" */;
			compatibilityVersion = "Xcode 13.0";
			developmentRegion = en;
			hasScannedForEncodings = 0;
			knownRegions = (
				en,
				Base,
			);
			mainGroup = 973B3E6A283BCC7B00F98571;
			productRefGroup = 973B3E74283BCC7B00F98571 /* Products */;
			projectDirPath = "";
			projectRoot = "";
			targets = (
				973B3E72283BCC7B00F98571 /* wwdc */,
				973B3E82283BCC7E00F98571 /* wwdcTests */,
				973B3E8C283BCC7E00F98571 /* wwdcUITests */,
			);
		};
/* End PBXProject section */

/* Begin PBXResourcesBuildPhase section */
		973B3E71283BCC7B00F98571 /* Resources */ = {
			isa = PBXResourcesBuildPhase;
			buildActionMask = 2147483647;
			files = (
				973B3EF7283BFA4D00F98571 /* bookData.json in Resources */,
				973B3E7E283BCC7E00F98571 /* Preview Assets.xcassets in Resources */,
				973B3E7B283BCC7E00F98571 /* Assets.xcassets in Resources */,
			);
			runOnlyForDeploymentPostprocessing = 0;
		};
		973B3E81283BCC7E00F98571 /* Resources */ = {
			isa = PBXResourcesBuildPhase;
			buildActionMask = 2147483647;
			files = (
			);
			runOnlyForDeploymentPostprocessing = 0;
		};
		973B3E8B283BCC7E00F98571 /* Resources */ = {
			isa = PBXResourcesBuildPhase;
			buildActionMask = 2147483647;
			files = (
			);
			runOnlyForDeploymentPostprocessing = 0;
		};
/* End PBXResourcesBuildPhase section */

/* Begin PBXSourcesBuildPhase section */
		973B3E6F283BCC7B00F98571 /* Sources */ = {
			isa = PBXSourcesBuildPhase;
			buildActionMask = 2147483647;
			files = (
				973B3EEE283BDF9C00F98571 /* BookCover.swift in Sources */,
				973B3EE7283BDF2300F98571 /* BookCard.swift in Sources */,
				973B3EEC283BDF5A00F98571 /* Book.swift in Sources */,
				973B3E79283BCC7B00F98571 /* ContentView.swift in Sources */,
				973B3E77283BCC7B00F98571 /* wwdcApp.swift in Sources */,
				973B3EF9283BFE0000F98571 /* BookView.swift in Sources */,
				973B3EF2283BE46300F98571 /* ModelData.swift in Sources */,
			);
			runOnlyForDeploymentPostprocessing = 0;
		};
		973B3E7F283BCC7E00F98571 /* Sources */ = {
			isa = PBXSourcesBuildPhase;
			buildActionMask = 2147483647;
			files = (
				973B3E88283BCC7E00F98571 /* wwdcTests.swift in Sources */,
			);
			runOnlyForDeploymentPostprocessing = 0;
		};
		973B3E89283BCC7E00F98571 /* Sources */ = {
			isa = PBXSourcesBuildPhase;
			buildActionMask = 2147483647;
			files = (
				973B3E92283BCC7E00F98571 /* wwdcUITests.swift in Sources */,
				973B3E94283BCC7E00F98571 /* wwdcUITestsLaunchTests.swift in Sources */,
			);
			runOnlyForDeploymentPostprocessing = 0;
		};
/* End PBXSourcesBuildPhase section */

/* Begin PBXTargetDependency section */
		973B3E85283BCC7E00F98571 /* PBXTargetDependency */ = {
			isa = PBXTargetDependency;
			target = 973B3E72283BCC7B00F98571 /* wwdc */;
			targetProxy = 973B3E84283BCC7E00F98571 /* PBXContainerItemProxy */;
		};
		973B3E8F283BCC7E00F98571 /* PBXTargetDependency */ = {
			isa = PBXTargetDependency;
			target = 973B3E72283BCC7B00F98571 /* wwdc */;
			targetProxy = 973B3E8E283BCC7E00F98571 /* PBXContainerItemProxy */;
		};
/* End PBXTargetDependency section */

/* Begin XCBuildConfiguration section */
		973B3E95283BCC7E00F98571 /* Debug */ = {
			isa = XCBuildConfiguration;
			buildSettings = {
				ALWAYS_SEARCH_USER_PATHS = NO;
				CLANG_ANALYZER_NONNULL = YES;
				CLANG_ANALYZER_NUMBER_OBJECT_CONVERSION = YES_AGGRESSIVE;
				CLANG_CXX_LANGUAGE_STANDARD = "gnu++17";
				CLANG_ENABLE_MODULES = YES;
				CLANG_ENABLE_OBJC_ARC = YES;
				CLANG_ENABLE_OBJC_WEAK = YES;
				CLANG_WARN_BLOCK_CAPTURE_AUTORELEASING = YES;
				CLANG_WARN_BOOL_CONVERSION = YES;
				CLANG_WARN_COMMA = YES;
				CLANG_WARN_CONSTANT_CONVERSION = YES;
				CLANG_WARN_DEPRECATED_OBJC_IMPLEMENTATIONS = YES;
				CLANG_WARN_DIRECT_OBJC_ISA_USAGE = YES_ERROR;
				CLANG_WARN_DOCUMENTATION_COMMENTS = YES;
				CLANG_WARN_EMPTY_BODY = YES;
				CLANG_WARN_ENUM_CONVERSION = YES;
				CLANG_WARN_INFINITE_RECURSION = YES;
				CLANG_WARN_INT_CONVERSION = YES;
				CLANG_WARN_NON_LITERAL_NULL_CONVERSION = YES;
				CLANG_WARN_OBJC_IMPLICIT_RETAIN_SELF = YES;
				CLANG_WARN_OBJC_LITERAL_CONVERSION = YES;
				CLANG_WARN_OBJC_ROOT_CLASS = YES_ERROR;
				CLANG_WARN_QUOTED_INCLUDE_IN_FRAMEWORK_HEADER = YES;
				CLANG_WARN_RANGE_LOOP_ANALYSIS = YES;
				CLANG_WARN_STRICT_PROTOTYPES = YES;
				CLANG_WARN_SUSPICIOUS_MOVE = YES;
				CLANG_WARN_UNGUARDED_AVAILABILITY = YES_AGGRESSIVE;
				CLANG_WARN_UNREACHABLE_CODE = YES;
				CLANG_WARN__DUPLICATE_METHOD_MATCH = YES;
				COPY_PHASE_STRIP = NO;
				DEBUG_INFORMATION_FORMAT = dwarf;
				ENABLE_STRICT_OBJC_MSGSEND = YES;
				ENABLE_TESTABILITY = YES;
				GCC_C_LANGUAGE_STANDARD = gnu11;
				GCC_DYNAMIC_NO_PIC = NO;
				GCC_NO_COMMON_BLOCKS = YES;
				GCC_OPTIMIZATION_LEVEL = 0;
				GCC_PREPROCESSOR_DEFINITIONS = (
					"DEBUG=1",
					"$(inherited)",
				);
				GCC_WARN_64_TO_32_BIT_CONVERSION = YES;
				GCC_WARN_ABOUT_RETURN_TYPE = YES_ERROR;
				GCC_WARN_UNDECLARED_SELECTOR = YES;
				GCC_WARN_UNINITIALIZED_AUTOS = YES_AGGRESSIVE;
				GCC_WARN_UNUSED_FUNCTION = YES;
				GCC_WARN_UNUSED_VARIABLE = YES;
				IPHONEOS_DEPLOYMENT_TARGET = 15.4;
				MTL_ENABLE_DEBUG_INFO = INCLUDE_SOURCE;
				MTL_FAST_MATH = YES;
				ONLY_ACTIVE_ARCH = YES;
				SDKROOT = iphoneos;
				SWIFT_ACTIVE_COMPILATION_CONDITIONS = DEBUG;
				SWIFT_OPTIMIZATION_LEVEL = "-Onone";
			};
			name = Debug;
		};
		973B3E96283BCC7E00F98571 /* Release */ = {
			isa = XCBuildConfiguration;
			buildSettings = {
				ALWAYS_SEARCH_USER_PATHS = NO;
				CLANG_ANALYZER_NONNULL = YES;
				CLANG_ANALYZER_NUMBER_OBJECT_CONVERSION = YES_AGGRESSIVE;
				CLANG_CXX_LANGUAGE_STANDARD = "gnu++17";
				CLANG_ENABLE_MODULES = YES;
				CLANG_ENABLE_OBJC_ARC = YES;
				CLANG_ENABLE_OBJC_WEAK = YES;
				CLANG_WARN_BLOCK_CAPTURE_AUTORELEASING = YES;
				CLANG_WARN_BOOL_CONVERSION = YES;
				CLANG_WARN_COMMA = YES;
				CLANG_WARN_CONSTANT_CONVERSION = YES;
				CLANG_WARN_DEPRECATED_OBJC_IMPLEMENTATIONS = YES;
				CLANG_WARN_DIRECT_OBJC_ISA_USAGE = YES_ERROR;
				CLANG_WARN_DOCUMENTATION_COMMENTS = YES;
				CLANG_WARN_EMPTY_BODY = YES;
				CLANG_WARN_ENUM_CONVERSION = YES;
				CLANG_WARN_INFINITE_RECURSION = YES;
				CLANG_WARN_INT_CONVERSION = YES;
				CLANG_WARN_NON_LITERAL_NULL_CONVERSION = YES;
				CLANG_WARN_OBJC_IMPLICIT_RETAIN_SELF = YES;
				CLANG_WARN_OBJC_LITERAL_CONVERSION = YES;
				CLANG_WARN_OBJC_ROOT_CLASS = YES_ERROR;
				CLANG_WARN_QUOTED_INCLUDE_IN_FRAMEWORK_HEADER = YES;
				CLANG_WARN_RANGE_LOOP_ANALYSIS = YES;
				CLANG_WARN_STRICT_PROTOTYPES = YES;
				CLANG_WARN_SUSPICIOUS_MOVE = YES;
				CLANG_WARN_UNGUARDED_AVAILABILITY = YES_AGGRESSIVE;
				CLANG_WARN_UNREACHABLE_CODE = YES;
				CLANG_WARN__DUPLICATE_METHOD_MATCH = YES;
				COPY_PHASE_STRIP = NO;
				DEBUG_INFORMATION_FORMAT = "dwarf-with-dsym";
				ENABLE_NS_ASSERTIONS = NO;
				ENABLE_STRICT_OBJC_MSGSEND = YES;
				GCC_C_LANGUAGE_STANDARD = gnu11;
				GCC_NO_COMMON_BLOCKS = YES;
				GCC_WARN_64_TO_32_BIT_CONVERSION = YES;
				GCC_WARN_ABOUT_RETURN_TYPE = YES_ERROR;
				GCC_WARN_UNDECLARED_SELECTOR = YES;
				GCC_WARN_UNINITIALIZED_AUTOS = YES_AGGRESSIVE;
				GCC_WARN_UNUSED_FUNCTION = YES;
				GCC_WARN_UNUSED_VARIABLE = YES;
				IPHONEOS_DEPLOYMENT_TARGET = 15.4;
				MTL_ENABLE_DEBUG_INFO = NO;
				MTL_FAST_MATH = YES;
				SDKROOT = iphoneos;
				SWIFT_COMPILATION_MODE = wholemodule;
				SWIFT_OPTIMIZATION_LEVEL = "-O";
				VALIDATE_PRODUCT = YES;
			};
			name = Release;
		};
		973B3E98283BCC7E00F98571 /* Debug */ = {
			isa = XCBuildConfiguration;
			buildSettings = {
				ASSETCATALOG_COMPILER_APPICON_NAME = AppIcon;
				ASSETCATALOG_COMPILER_GLOBAL_ACCENT_COLOR_NAME = AccentColor;
				CODE_SIGN_STYLE = Automatic;
				CURRENT_PROJECT_VERSION = 1;
				DEVELOPMENT_ASSET_PATHS = "\"wwdc/Preview Content\"";
				DEVELOPMENT_TEAM = 5Q9399ZKMY;
				ENABLE_PREVIEWS = YES;
				GENERATE_INFOPLIST_FILE = YES;
				INFOPLIST_KEY_UIApplicationSceneManifest_Generation = YES;
				INFOPLIST_KEY_UIApplicationSupportsIndirectInputEvents = YES;
				INFOPLIST_KEY_UILaunchScreen_Generation = YES;
				INFOPLIST_KEY_UISupportedInterfaceOrientations_iPad = "UIInterfaceOrientationPortrait UIInterfaceOrientationPortraitUpsideDown UIInterfaceOrientationLandscapeLeft UIInterfaceOrientationLandscapeRight";
				INFOPLIST_KEY_UISupportedInterfaceOrientations_iPhone = "UIInterfaceOrientationPortrait UIInterfaceOrientationLandscapeLeft UIInterfaceOrientationLandscapeRight";
				LD_RUNPATH_SEARCH_PATHS = (
					"$(inherited)",
					"@executable_path/Frameworks",
				);
				MARKETING_VERSION = 1.0;
				PRODUCT_BUNDLE_IDENTIFIER = com.raven.wwdc;
				PRODUCT_NAME = "$(TARGET_NAME)";
				SWIFT_EMIT_LOC_STRINGS = YES;
				SWIFT_VERSION = 5.0;
				TARGETED_DEVICE_FAMILY = "1,2";
			};
			name = Debug;
		};
		973B3E99283BCC7E00F98571 /* Release */ = {
			isa = XCBuildConfiguration;
			buildSettings = {
				ASSETCATALOG_COMPILER_APPICON_NAME = AppIcon;
				ASSETCATALOG_COMPILER_GLOBAL_ACCENT_COLOR_NAME = AccentColor;
				CODE_SIGN_STYLE = Automatic;
				CURRENT_PROJECT_VERSION = 1;
				DEVELOPMENT_ASSET_PATHS = "\"wwdc/Preview Content\"";
				DEVELOPMENT_TEAM = 5Q9399ZKMY;
				ENABLE_PREVIEWS = YES;
				GENERATE_INFOPLIST_FILE = YES;
				INFOPLIST_KEY_UIApplicationSceneManifest_Generation = YES;
				INFOPLIST_KEY_UIApplicationSupportsIndirectInputEvents = YES;
				INFOPLIST_KEY_UILaunchScreen_Generation = YES;
				INFOPLIST_KEY_UISupportedInterfaceOrientations_iPad = "UIInterfaceOrientationPortrait UIInterfaceOrientationPortraitUpsideDown UIInterfaceOrientationLandscapeLeft UIInterfaceOrientationLandscapeRight";
				INFOPLIST_KEY_UISupportedInterfaceOrientations_iPhone = "UIInterfaceOrientationPortrait UIInterfaceOrientationLandscapeLeft UIInterfaceOrientationLandscapeRight";
				LD_RUNPATH_SEARCH_PATHS = (
					"$(inherited)",
					"@executable_path/Frameworks",
				);
				MARKETING_VERSION = 1.0;
				PRODUCT_BUNDLE_IDENTIFIER = com.raven.wwdc;
				PRODUCT_NAME = "$(TARGET_NAME)";
				SWIFT_EMIT_LOC_STRINGS = YES;
				SWIFT_VERSION = 5.0;
				TARGETED_DEVICE_FAMILY = "1,2";
			};
			name = Release;
		};
		973B3E9B283BCC7E00F98571 /* Debug */ = {
			isa = XCBuildConfiguration;
			buildSettings = {
				ALWAYS_EMBED_SWIFT_STANDARD_LIBRARIES = YES;
				BUNDLE_LOADER = "$(TEST_HOST)";
				CODE_SIGN_STYLE = Automatic;
				CURRENT_PROJECT_VERSION = 1;
				DEVELOPMENT_TEAM = 5Q9399ZKMY;
				GENERATE_INFOPLIST_FILE = YES;
				IPHONEOS_DEPLOYMENT_TARGET = 15.4;
				MARKETING_VERSION = 1.0;
				PRODUCT_BUNDLE_IDENTIFIER = com.raven.wwdcTests;
				PRODUCT_NAME = "$(TARGET_NAME)";
				SWIFT_EMIT_LOC_STRINGS = NO;
				SWIFT_VERSION = 5.0;
				TARGETED_DEVICE_FAMILY = "1,2";
				TEST_HOST = "$(BUILT_PRODUCTS_DIR)/wwdc.app/wwdc";
			};
			name = Debug;
		};
		973B3E9C283BCC7E00F98571 /* Release */ = {
			isa = XCBuildConfiguration;
			buildSettings = {
				ALWAYS_EMBED_SWIFT_STANDARD_LIBRARIES = YES;
				BUNDLE_LOADER = "$(TEST_HOST)";
				CODE_SIGN_STYLE = Automatic;
				CURRENT_PROJECT_VERSION = 1;
				DEVELOPMENT_TEAM = 5Q9399ZKMY;
				GENERATE_INFOPLIST_FILE = YES;
				IPHONEOS_DEPLOYMENT_TARGET = 15.4;
				MARKETING_VERSION = 1.0;
				PRODUCT_BUNDLE_IDENTIFIER = com.raven.wwdcTests;
				PRODUCT_NAME = "$(TARGET_NAME)";
				SWIFT_EMIT_LOC_STRINGS = NO;
				SWIFT_VERSION = 5.0;
				TARGETED_DEVICE_FAMILY = "1,2";
				TEST_HOST = "$(BUILT_PRODUCTS_DIR)/wwdc.app/wwdc";
			};
			name = Release;
		};
		973B3E9E283BCC7E00F98571 /* Debug */ = {
			isa = XCBuildConfiguration;
			buildSettings = {
				ALWAYS_EMBED_SWIFT_STANDARD_LIBRARIES = YES;
				CODE_SIGN_STYLE = Automatic;
				CURRENT_PROJECT_VERSION = 1;
				DEVELOPMENT_TEAM = 5Q9399ZKMY;
				GENERATE_INFOPLIST_FILE = YES;
				MARKETING_VERSION = 1.0;
				PRODUCT_BUNDLE_IDENTIFIER = com.raven.wwdcUITests;
				PRODUCT_NAME = "$(TARGET_NAME)";
				SWIFT_EMIT_LOC_STRINGS = NO;
				SWIFT_VERSION = 5.0;
				TARGETED_DEVICE_FAMILY = "1,2";
				TEST_TARGET_NAME = wwdc;
			};
			name = Debug;
		};
		973B3E9F283BCC7E00F98571 /* Release */ = {
			isa = XCBuildConfiguration;
			buildSettings = {
				ALWAYS_EMBED_SWIFT_STANDARD_LIBRARIES = YES;
				CODE_SIGN_STYLE = Automatic;
				CURRENT_PROJECT_VERSION = 1;
				DEVELOPMENT_TEAM = 5Q9399ZKMY;
				GENERATE_INFOPLIST_FILE = YES;
				MARKETING_VERSION = 1.0;
				PRODUCT_BUNDLE_IDENTIFIER = com.raven.wwdcUITests;
				PRODUCT_NAME = "$(TARGET_NAME)";
				SWIFT_EMIT_LOC_STRINGS = NO;
				SWIFT_VERSION = 5.0;
				TARGETED_DEVICE_FAMILY = "1,2";
				TEST_TARGET_NAME = wwdc;
			};
			name = Release;
		};
/* End XCBuildConfiguration section */

/* Begin XCConfigurationList section */
		973B3E6E283BCC7B00F98571 /* Build configuration list for PBXProject "wwdc" */ = {
			isa = XCConfigurationList;
			buildConfigurations = (
				973B3E95283BCC7E00F98571 /* Debug */,
				973B3E96283BCC7E00F98571 /* Release */,
			);
			defaultConfigurationIsVisible = 0;
			defaultConfigurationName = Release;
		};
		973B3E97283BCC7E00F98571 /* Build configuration list for PBXNativeTarget "wwdc" */ = {
			isa = XCConfigurationList;
			buildConfigurations = (
				973B3E98283BCC7E00F98571 /* Debug */,
				973B3E99283BCC7E00F98571 /* Release */,
			);
			defaultConfigurationIsVisible = 0;
			defaultConfigurationName = Release;
		};
		973B3E9A283BCC7E00F98571 /* Build configuration list for PBXNativeTarget "wwdcTests" */ = {
			isa = XCConfigurationList;
			buildConfigurations = (
				973B3E9B283BCC7E00F98571 /* Debug */,
				973B3E9C283BCC7E00F98571 /* Release */,
			);
			defaultConfigurationIsVisible = 0;
			defaultConfigurationName = Release;
		};
		973B3E9D283BCC7E00F98571 /* Build configuration list for PBXNativeTarget "wwdcUITests" */ = {
			isa = XCConfigurationList;
			buildConfigurations = (
				973B3E9E283BCC7E00F98571 /* Debug */,
				973B3E9F283BCC7E00F98571 /* Release */,
			);
			defaultConfigurationIsVisible = 0;
			defaultConfigurationName = Release;
		};
/* End XCConfigurationList section */
	};
	rootObject = 973B3E6B283BCC7B00F98571 /* Project object */;
}
